
Microsoft Visual Studio Solution File, Format Version 12.00
# Visual Studio Version 17
VisualStudioVersion = 17.11.35312.102
MinimumVisualStudioVersion = 10.0.40219.1
Project("{FAE04EC0-301F-11D3-BF4B-00C04F79EFBC}") = "WebApplication1", "WebApplication1.csproj", "{A193F9D9-D36D-40CF-B770-4CD981F032E2}"
EndProject
Global
	GlobalSection(SolutionConfigurationPlatforms) = preSolution
		Debug|Any CPU = Debug|Any CPU
		Release|Any CPU = Release|Any CPU
	EndGlobalSection
	GlobalSection(ProjectConfigurationPlatforms) = postSolution
		{A193F9D9-D36D-40CF-B770-4CD981F032E2}.Debug|Any CPU.ActiveCfg = Debug|Any CPU
		{A193F9D9-D36D-40CF-B770-4CD981F032E2}.Debug|Any CPU.Build.0 = Debug|Any CPU
		{A193F9D9-D36D-40CF-B770-4CD981F032E2}.Release|Any CPU.ActiveCfg = Release|Any CPU
		{A193F9D9-D36D-40CF-B770-4CD981F032E2}.Release|Any CPU.Build.0 = Release|Any CPU
	EndGlobalSection
	GlobalSection(SolutionProperties) = preSolution
		HideSolutionNode = FALSE
	EndGlobalSection
	GlobalSection(ExtensibilityGlobals) = postSolution
		SolutionGuid = {CE6654B4-2B42-4CEB-BC64-1DAAB3F328A3}
	EndGlobalSection
EndGlobal
