
Microsoft Visual Studio Solution File, Format Version 12.00
# Visual Studio Version 17
VisualStudioVersion = 17.11.35312.102
MinimumVisualStudioVersion = 10.0.40219.1
Project("{FAE04EC0-301F-11D3-BF4B-00C04F79EFBC}") = "Group_Budget", "Group_Budget.csproj", "{29089AB4-617D-4F7B-BD89-EDC3D1FEFE8D}"
EndProject
Global
	GlobalSection(SolutionConfigurationPlatforms) = preSolution
		Debug|Any CPU = Debug|Any CPU
		Release|Any CPU = Release|Any CPU
	EndGlobalSection
	GlobalSection(ProjectConfigurationPlatforms) = postSolution
		{29089AB4-617D-4F7B-BD89-EDC3D1FEFE8D}.Debug|Any CPU.ActiveCfg = Debug|Any CPU
		{29089AB4-617D-4F7B-BD89-EDC3D1FEFE8D}.Debug|Any CPU.Build.0 = Debug|Any CPU
		{29089AB4-617D-4F7B-BD89-EDC3D1FEFE8D}.Release|Any CPU.ActiveCfg = Release|Any CPU
		{29089AB4-617D-4F7B-BD89-EDC3D1FEFE8D}.Release|Any CPU.Build.0 = Release|Any CPU
	EndGlobalSection
	GlobalSection(SolutionProperties) = preSolution
		HideSolutionNode = FALSE
	EndGlobalSection
	GlobalSection(ExtensibilityGlobals) = postSolution
		SolutionGuid = {627331B4-55E2-417D-8CFD-CFE36023C604}
	EndGlobalSection
EndGlobal
