
Microsoft Visual Studio Solution File, Format Version 12.00
# Visual Studio Version 17
VisualStudioVersion = 17.11.35312.102
MinimumVisualStudioVersion = 10.0.40219.1
Project("{FAE04EC0-301F-11D3-BF4B-00C04F79EFBC}") = "WpfApp1", "WpfApp1.csproj", "{21A29272-1576-45D1-AA2A-ED262BBBC568}"
EndProject
Global
	GlobalSection(SolutionConfigurationPlatforms) = preSolution
		Debug|Any CPU = Debug|Any CPU
		Release|Any CPU = Release|Any CPU
	EndGlobalSection
	GlobalSection(ProjectConfigurationPlatforms) = postSolution
		{21A29272-1576-45D1-AA2A-ED262BBBC568}.Debug|Any CPU.ActiveCfg = Debug|Any CPU
		{21A29272-1576-45D1-AA2A-ED262BBBC568}.Debug|Any CPU.Build.0 = Debug|Any CPU
		{21A29272-1576-45D1-AA2A-ED262BBBC568}.Release|Any CPU.ActiveCfg = Release|Any CPU
		{21A29272-1576-45D1-AA2A-ED262BBBC568}.Release|Any CPU.Build.0 = Release|Any CPU
	EndGlobalSection
	GlobalSection(SolutionProperties) = preSolution
		HideSolutionNode = FALSE
	EndGlobalSection
	GlobalSection(ExtensibilityGlobals) = postSolution
		SolutionGuid = {CAABEC2E-B991-4FEA-8C7C-3DCDE9692246}
	EndGlobalSection
EndGlobal
