
Microsoft Visual Studio Solution File, Format Version 12.00
# Visual Studio Version 17
VisualStudioVersion = 17.11.35312.102
MinimumVisualStudioVersion = 10.0.40219.1
Project("{FAE04EC0-301F-11D3-BF4B-00C04F79EFBC}") = "GitRecon", "GitRecon.csproj", "{1825AA4A-F25A-456B-85C9-62860C7D498D}"
EndProject
Global
	GlobalSection(SolutionConfigurationPlatforms) = preSolution
		Debug|Any CPU = Debug|Any CPU
		Release|Any CPU = Release|Any CPU
	EndGlobalSection
	GlobalSection(ProjectConfigurationPlatforms) = postSolution
		{1825AA4A-F25A-456B-85C9-62860C7D498D}.Debug|Any CPU.ActiveCfg = Debug|Any CPU
		{1825AA4A-F25A-456B-85C9-62860C7D498D}.Debug|Any CPU.Build.0 = Debug|Any CPU
		{1825AA4A-F25A-456B-85C9-62860C7D498D}.Release|Any CPU.ActiveCfg = Release|Any CPU
		{1825AA4A-F25A-456B-85C9-62860C7D498D}.Release|Any CPU.Build.0 = Release|Any CPU
	EndGlobalSection
	GlobalSection(SolutionProperties) = preSolution
		HideSolutionNode = FALSE
	EndGlobalSection
	GlobalSection(ExtensibilityGlobals) = postSolution
		SolutionGuid = {FE0F2D0A-2E86-4175-A9B9-E7235C25E812}
	EndGlobalSection
EndGlobal
